
Microsoft Visual Studio Solution File, Format Version 11.00
# Visual Studio 2010
Project("{FAE04EC0-301F-11D3-BF4B-00C04F79EFBC}") = "Assembly-CSharp", "Assembly-CSharp.csproj", "{65abb6bd-3fe2-4459-14ad-eed930eb98e8}"
EndProject
Project("{FAE04EC0-301F-11D3-BF4B-00C04F79EFBC}") = "Assembly-CSharp-Editor", "Assembly-CSharp-Editor.csproj", "{1f3ca38f-cf6f-d23e-6aed-bf8b81d93084}"
EndProject
Global
	GlobalSection(SolutionConfigurationPlatforms) = preSolution
		Debug|Any CPU = Debug|Any CPU
	EndGlobalSection
	GlobalSection(ProjectConfigurationPlatforms) = postSolution
		{65abb6bd-3fe2-4459-14ad-eed930eb98e8}.Debug|Any CPU.ActiveCfg = Debug|Any CPU
		{65abb6bd-3fe2-4459-14ad-eed930eb98e8}.Debug|Any CPU.Build.0 = Debug|Any CPU
		{1f3ca38f-cf6f-d23e-6aed-bf8b81d93084}.Debug|Any CPU.ActiveCfg = Debug|Any CPU
		{1f3ca38f-cf6f-d23e-6aed-bf8b81d93084}.Debug|Any CPU.Build.0 = Debug|Any CPU
	EndGlobalSection
	GlobalSection(SolutionProperties) = preSolution
		HideSolutionNode = FALSE
	EndGlobalSection
EndGlobal
