
Microsoft Visual Studio Solution File, Format Version 11.00
# Visual Studio 2010
Project("{FAE04EC0-301F-11D3-BF4B-00C04F79EFBC}") = "Assembly-CSharp", "Assembly-CSharp.csproj", "{795b02c5-e9c4-4518-47f1-1df500307a1d}"
EndProject
Project("{FAE04EC0-301F-11D3-BF4B-00C04F79EFBC}") = "Assembly-CSharp-Editor", "Assembly-CSharp-Editor.csproj", "{1883d86e-1ec6-9682-7168-5e1e2b12093d}"
EndProject
Global
	GlobalSection(SolutionConfigurationPlatforms) = preSolution
		Debug|Any CPU = Debug|Any CPU
	EndGlobalSection
	GlobalSection(ProjectConfigurationPlatforms) = postSolution
		{795b02c5-e9c4-4518-47f1-1df500307a1d}.Debug|Any CPU.ActiveCfg = Debug|Any CPU
		{795b02c5-e9c4-4518-47f1-1df500307a1d}.Debug|Any CPU.Build.0 = Debug|Any CPU
		{1883d86e-1ec6-9682-7168-5e1e2b12093d}.Debug|Any CPU.ActiveCfg = Debug|Any CPU
		{1883d86e-1ec6-9682-7168-5e1e2b12093d}.Debug|Any CPU.Build.0 = Debug|Any CPU
	EndGlobalSection
	GlobalSection(SolutionProperties) = preSolution
		HideSolutionNode = FALSE
	EndGlobalSection
EndGlobal
